// !$*UTF8*$!
{
	archiveVersion = 1;
	classes = {
	};
	objectVersion = 46;
	objects = {

/* Begin PBXBuildFile section */
		187BF5EC1A0A243C002A771B /* main.m in Sources */ = {isa = PBXBuildFile; fileRef = 187BF5EB1A0A243C002A771B /* main.m */; };
		187BF5EF1A0A243C002A771B /* AppDelegate.m in Sources */ = {isa = PBXBuildFile; fileRef = 187BF5EE1A0A243C002A771B /* AppDelegate.m */; };
		187BF5F21A0A243C002A771B /* ViewController.m in Sources */ = {isa = PBXBuildFile; fileRef = 187BF5F11A0A243C002A771B /* ViewController.m */; };
		187BF5F51A0A243C002A771B /* Main.storyboard in Resources */ = {isa = PBXBuildFile; fileRef = 187BF5F31A0A243C002A771B /* Main.storyboard */; };
		187BF5F71A0A243D002A771B /* Images.xcassets in Resources */ = {isa = PBXBuildFile; fileRef = 187BF5F61A0A243D002A771B /* Images.xcassets */; };
		187BF5FA1A0A243D002A771B /* LaunchScreen.xib in Resources */ = {isa = PBXBuildFile; fileRef = 187BF5F81A0A243D002A771B /* LaunchScreen.xib */; };
		187BF6061A0A243D002A771B /* SKScrollViewTests.m in Sources */ = {isa = PBXBuildFile; fileRef = 187BF6051A0A243D002A771B /* SKScrollViewTests.m */; };
		187BF6101A0A2487002A771B /* SpriteKit.framework in Frameworks */ = {isa = PBXBuildFile; fileRef = 187BF60F1A0A2487002A771B /* SpriteKit.framework */; };
		187BF6131A0A24BA002A771B /* MyScene.m in Sources */ = {isa = PBXBuildFile; fileRef = 187BF6121A0A24BA002A771B /* MyScene.m */; };
		187BF6151A0A257D002A771B /* China.png in Resources */ = {isa = PBXBuildFile; fileRef = 187BF6141A0A257D002A771B /* China.png */; };
		187BF6171A0A26D4002A771B /* root.jpeg in Resources */ = {isa = PBXBuildFile; fileRef = 187BF6161A0A26D4002A771B /* root.jpeg */; };
		187BF61A1A0A285B002A771B /* SKScrollView.m in Sources */ = {isa = PBXBuildFile; fileRef = 187BF6191A0A285B002A771B /* SKScrollView.m */; };
/* End PBXBuildFile section */

/* Begin PBXContainerItemProxy section */
		187BF6001A0A243D002A771B /* PBXContainerItemProxy */ = {
			isa = PBXContainerItemProxy;
			containerPortal = 187BF5DE1A0A243C002A771B /* Project object */;
			proxyType = 1;
			remoteGlobalIDString = 187BF5E51A0A243C002A771B;
			remoteInfo = SKScrollView;
		};
/* End PBXContainerItemProxy section */

/* Begin PBXFileReference section */
		187BF5E61A0A243C002A771B /* SKScrollView.app */ = {isa = PBXFileReference; explicitFileType = wrapper.application; includeInIndex = 0; path = SKScrollView.app; sourceTree = BUILT_PRODUCTS_DIR; };
		187BF5EA1A0A243C002A771B /* Info.plist */ = {isa = PBXFileReference; lastKnownFileType = text.plist.xml; path = Info.plist; sourceTree = "<group>"; };
		187BF5EB1A0A243C002A771B /* main.m */ = {isa = PBXFileReference; lastKnownFileType = sourcecode.c.objc; path = main.m; sourceTree = "<group>"; };
		187BF5ED1A0A243C002A771B /* AppDelegate.h */ = {isa = PBXFileReference; lastKnownFileType = sourcecode.c.h; path = AppDelegate.h; sourceTree = "<group>"; };
		187BF5EE1A0A243C002A771B /* AppDelegate.m */ = {isa = PBXFileReference; lastKnownFileType = sourcecode.c.objc; path = AppDelegate.m; sourceTree = "<group>"; };
		187BF5F01A0A243C002A771B /* ViewController.h */ = {isa = PBXFileReference; lastKnownFileType = sourcecode.c.h; path = ViewController.h; sourceTree = "<group>"; };
		187BF5F11A0A243C002A771B /* ViewController.m */ = {isa = PBXFileReference; lastKnownFileType = sourcecode.c.objc; path = ViewController.m; sourceTree = "<group>"; };
		187BF5F41A0A243C002A771B /* Base */ = {isa = PBXFileReference; lastKnownFileType = file.storyboard; name = Base; path = Base.lproj/Main.storyboard; sourceTree = "<group>"; };
		187BF5F61A0A243D002A771B /* Images.xcassets */ = {isa = PBXFileReference; lastKnownFileType = folder.assetcatalog; path = Images.xcassets; sourceTree = "<group>"; };
		187BF5F91A0A243D002A771B /* Base */ = {isa = PBXFileReference; lastKnownFileType = file.xib; name = Base; path = Base.lproj/LaunchScreen.xib; sourceTree = "<group>"; };
		187BF5FF1A0A243D002A771B /* SKScrollViewTests.xctest */ = {isa = PBXFileReference; explicitFileType = wrapper.cfbundle; includeInIndex = 0; path = SKScrollViewTests.xctest; sourceTree = BUILT_PRODUCTS_DIR; };
		187BF6041A0A243D002A771B /* Info.plist */ = {isa = PBXFileReference; lastKnownFileType = text.plist.xml; path = Info.plist; sourceTree = "<group>"; };
		187BF6051A0A243D002A771B /* SKScrollViewTests.m */ = {isa = PBXFileReference; lastKnownFileType = sourcecode.c.objc; path = SKScrollViewTests.m; sourceTree = "<group>"; };
		187BF60F1A0A2487002A771B /* SpriteKit.framework */ = {isa = PBXFileReference; lastKnownFileType = wrapper.framework; name = SpriteKit.framework; path = System/Library/Frameworks/SpriteKit.framework; sourceTree = SDKROOT; };
		187BF6111A0A24BA002A771B /* MyScene.h */ = {isa = PBXFileReference; fileEncoding = 4; lastKnownFileType = sourcecode.c.h; path = MyScene.h; sourceTree = "<group>"; };
		187BF6121A0A24BA002A771B /* MyScene.m */ = {isa = PBXFileReference; fileEncoding = 4; lastKnownFileType = sourcecode.c.objc; path = MyScene.m; sourceTree = "<group>"; };
		187BF6141A0A257D002A771B /* China.png */ = {isa = PBXFileReference; lastKnownFileType = image.png; name = China.png; path = SKScrollView/China.png; sourceTree = "<group>"; };
		187BF6161A0A26D4002A771B /* root.jpeg */ = {isa = PBXFileReference; lastKnownFileType = image.jpeg; name = root.jpeg; path = SKScrollView/root.jpeg; sourceTree = "<group>"; };
		187BF6181A0A285B002A771B /* SKScrollView.h */ = {isa = PBXFileReference; fileEncoding = 4; lastKnownFileType = sourcecode.c.h; path = SKScrollView.h; sourceTree = "<group>"; };
		187BF6191A0A285B002A771B /* SKScrollView.m */ = {isa = PBXFileReference; fileEncoding = 4; lastKnownFileType = sourcecode.c.objc; path = SKScrollView.m; sourceTree = "<group>"; };
/* End PBXFileReference section */

/* Begin PBXFrameworksBuildPhase section */
		187BF5E31A0A243C002A771B /* Frameworks */ = {
			isa = PBXFrameworksBuildPhase;
			buildActionMask = 2147483647;
			files = (
				187BF6101A0A2487002A771B /* SpriteKit.framework in Frameworks */,
			);
			runOnlyForDeploymentPostprocessing = 0;
		};
		187BF5FC1A0A243D002A771B /* Frameworks */ = {
			isa = PBXFrameworksBuildPhase;
			buildActionMask = 2147483647;
			files = (
			);
			runOnlyForDeploymentPostprocessing = 0;
		};
/* End PBXFrameworksBuildPhase section */

/* Begin PBXGroup section */
		187BF5DD1A0A243C002A771B = {
			isa = PBXGroup;
			children = (
				187BF6161A0A26D4002A771B /* root.jpeg */,
				187BF6141A0A257D002A771B /* China.png */,
				187BF60F1A0A2487002A771B /* SpriteKit.framework */,
				187BF5E81A0A243C002A771B /* SKScrollView */,
				187BF6021A0A243D002A771B /* SKScrollViewTests */,
				187BF5E71A0A243C002A771B /* Products */,
			);
			sourceTree = "<group>";
		};
		187BF5E71A0A243C002A771B /* Products */ = {
			isa = PBXGroup;
			children = (
				187BF5E61A0A243C002A771B /* SKScrollView.app */,
				187BF5FF1A0A243D002A771B /* SKScrollViewTests.xctest */,
			);
			name = Products;
			sourceTree = "<group>";
		};
		187BF5E81A0A243C002A771B /* SKScrollView */ = {
			isa = PBXGroup;
			children = (
				187BF6181A0A285B002A771B /* SKScrollView.h */,
				187BF6191A0A285B002A771B /* SKScrollView.m */,
				187BF5ED1A0A243C002A771B /* AppDelegate.h */,
				187BF5EE1A0A243C002A771B /* AppDelegate.m */,
				187BF5F01A0A243C002A771B /* ViewController.h */,
				187BF5F11A0A243C002A771B /* ViewController.m */,
				187BF5F31A0A243C002A771B /* Main.storyboard */,
				187BF5F61A0A243D002A771B /* Images.xcassets */,
				187BF5F81A0A243D002A771B /* LaunchScreen.xib */,
				187BF5E91A0A243C002A771B /* Supporting Files */,
				187BF6111A0A24BA002A771B /* MyScene.h */,
				187BF6121A0A24BA002A771B /* MyScene.m */,
			);
			path = SKScrollView;
			sourceTree = "<group>";
		};
		187BF5E91A0A243C002A771B /* Supporting Files */ = {
			isa = PBXGroup;
			children = (
				187BF5EA1A0A243C002A771B /* Info.plist */,
				187BF5EB1A0A243C002A771B /* main.m */,
			);
			name = "Supporting Files";
			sourceTree = "<group>";
		};
		187BF6021A0A243D002A771B /* SKScrollViewTests */ = {
			isa = PBXGroup;
			children = (
				187BF6051A0A243D002A771B /* SKScrollViewTests.m */,
				187BF6031A0A243D002A771B /* Supporting Files */,
			);
			path = SKScrollViewTests;
			sourceTree = "<group>";
		};
		187BF6031A0A243D002A771B /* Supporting Files */ = {
			isa = PBXGroup;
			children = (
				187BF6041A0A243D002A771B /* Info.plist */,
			);
			name = "Supporting Files";
			sourceTree = "<group>";
		};
/* End PBXGroup section */

/* Begin PBXNativeTarget section */
		187BF5E51A0A243C002A771B /* SKScrollView */ = {
			isa = PBXNativeTarget;
			buildConfigurationList = 187BF6091A0A243D002A771B /* Build configuration list for PBXNativeTarget "SKScrollView" */;
			buildPhases = (
				187BF5E21A0A243C002A771B /* Sources */,
				187BF5E31A0A243C002A771B /* Frameworks */,
				187BF5E41A0A243C002A771B /* Resources */,
			);
			buildRules = (
			);
			dependencies = (
			);
			name = SKScrollView;
			productName = SKScrollView;
			productReference = 187BF5E61A0A243C002A771B /* SKScrollView.app */;
			productType = "com.apple.product-type.application";
		};
		187BF5FE1A0A243D002A771B /* SKScrollViewTests */ = {
			isa = PBXNativeTarget;
			buildConfigurationList = 187BF60C1A0A243D002A771B /* Build configuration list for PBXNativeTarget "SKScrollViewTests" */;
			buildPhases = (
				187BF5FB1A0A243D002A771B /* Sources */,
				187BF5FC1A0A243D002A771B /* Frameworks */,
				187BF5FD1A0A243D002A771B /* Resources */,
			);
			buildRules = (
			);
			dependencies = (
				187BF6011A0A243D002A771B /* PBXTargetDependency */,
			);
			name = SKScrollViewTests;
			productName = SKScrollViewTests;
			productReference = 187BF5FF1A0A243D002A771B /* SKScrollViewTests.xctest */;
			productType = "com.apple.product-type.bundle.unit-test";
		};
/* End PBXNativeTarget section */

/* Begin PBXProject section */
		187BF5DE1A0A243C002A771B /* Project object */ = {
			isa = PBXProject;
			attributes = {
				LastUpgradeCheck = 0600;
				ORGANIZATIONNAME = zhaogq;
				TargetAttributes = {
					187BF5E51A0A243C002A771B = {
						CreatedOnToolsVersion = 6.0;
					};
					187BF5FE1A0A243D002A771B = {
						CreatedOnToolsVersion = 6.0;
						TestTargetID = 187BF5E51A0A243C002A771B;
					};
				};
			};
			buildConfigurationList = 187BF5E11A0A243C002A771B /* Build configuration list for PBXProject "SKScrollView" */;
			compatibilityVersion = "Xcode 3.2";
			developmentRegion = English;
			hasScannedForEncodings = 0;
			knownRegions = (
				en,
				Base,
			);
			mainGroup = 187BF5DD1A0A243C002A771B;
			productRefGroup = 187BF5E71A0A243C002A771B /* Products */;
			projectDirPath = "";
			projectRoot = "";
			targets = (
				187BF5E51A0A243C002A771B /* SKScrollView */,
				187BF5FE1A0A243D002A771B /* SKScrollViewTests */,
			);
		};
/* End PBXProject section */

/* Begin PBXResourcesBuildPhase section */
		187BF5E41A0A243C002A771B /* Resources */ = {
			isa = PBXResourcesBuildPhase;
			buildActionMask = 2147483647;
			files = (
				187BF5F51A0A243C002A771B /* Main.storyboard in Resources */,
				187BF6171A0A26D4002A771B /* root.jpeg in Resources */,
				187BF5FA1A0A243D002A771B /* LaunchScreen.xib in Resources */,
				187BF5F71A0A243D002A771B /* Images.xcassets in Resources */,
				187BF6151A0A257D002A771B /* China.png in Resources */,
			);
			runOnlyForDeploymentPostprocessing = 0;
		};
		187BF5FD1A0A243D002A771B /* Resources */ = {
			isa = PBXResourcesBuildPhase;
			buildActionMask = 2147483647;
			files = (
			);
			runOnlyForDeploymentPostprocessing = 0;
		};
/* End PBXResourcesBuildPhase section */

/* Begin PBXSourcesBuildPhase section */
		187BF5E21A0A243C002A771B /* Sources */ = {
			isa = PBXSourcesBuildPhase;
			buildActionMask = 2147483647;
			files = (
				187BF6131A0A24BA002A771B /* MyScene.m in Sources */,
				187BF5F21A0A243C002A771B /* ViewController.m in Sources */,
				187BF5EF1A0A243C002A771B /* AppDelegate.m in Sources */,
				187BF61A1A0A285B002A771B /* SKScrollView.m in Sources */,
				187BF5EC1A0A243C002A771B /* main.m in Sources */,
			);
			runOnlyForDeploymentPostprocessing = 0;
		};
		187BF5FB1A0A243D002A771B /* Sources */ = {
			isa = PBXSourcesBuildPhase;
			buildActionMask = 2147483647;
			files = (
				187BF6061A0A243D002A771B /* SKScrollViewTests.m in Sources */,
			);
			runOnlyForDeploymentPostprocessing = 0;
		};
/* End PBXSourcesBuildPhase section */

/* Begin PBXTargetDependency section */
		187BF6011A0A243D002A771B /* PBXTargetDependency */ = {
			isa = PBXTargetDependency;
			target = 187BF5E51A0A243C002A771B /* SKScrollView */;
			targetProxy = 187BF6001A0A243D002A771B /* PBXContainerItemProxy */;
		};
/* End PBXTargetDependency section */

/* Begin PBXVariantGroup section */
		187BF5F31A0A243C002A771B /* Main.storyboard */ = {
			isa = PBXVariantGroup;
			children = (
				187BF5F41A0A243C002A771B /* Base */,
			);
			name = Main.storyboard;
			sourceTree = "<group>";
		};
		187BF5F81A0A243D002A771B /* LaunchScreen.xib */ = {
			isa = PBXVariantGroup;
			children = (
				187BF5F91A0A243D002A771B /* Base */,
			);
			name = LaunchScreen.xib;
			sourceTree = "<group>";
		};
/* End PBXVariantGroup section */

/* Begin XCBuildConfiguration section */
		187BF6071A0A243D002A771B /* Debug */ = {
			isa = XCBuildConfiguration;
			buildSettings = {
				ALWAYS_SEARCH_USER_PATHS = NO;
				CLANG_CXX_LANGUAGE_STANDARD = "gnu++0x";
				CLANG_CXX_LIBRARY = "libc++";
				CLANG_ENABLE_MODULES = YES;
				CLANG_ENABLE_OBJC_ARC = YES;
				CLANG_WARN_BOOL_CONVERSION = YES;
				CLANG_WARN_CONSTANT_CONVERSION = YES;
				CLANG_WARN_DIRECT_OBJC_ISA_USAGE = YES_ERROR;
				CLANG_WARN_EMPTY_BODY = YES;
				CLANG_WARN_ENUM_CONVERSION = YES;
				CLANG_WARN_INT_CONVERSION = YES;
				CLANG_WARN_OBJC_ROOT_CLASS = YES_ERROR;
				CLANG_WARN_UNREACHABLE_CODE = YES;
				CLANG_WARN__DUPLICATE_METHOD_MATCH = YES;
				"CODE_SIGN_IDENTITY[sdk=iphoneos*]" = "iPhone Developer";
				COPY_PHASE_STRIP = NO;
				ENABLE_STRICT_OBJC_MSGSEND = YES;
				GCC_C_LANGUAGE_STANDARD = gnu99;
				GCC_DYNAMIC_NO_PIC = NO;
				GCC_OPTIMIZATION_LEVEL = 0;
				GCC_PREPROCESSOR_DEFINITIONS = (
					"DEBUG=1",
					"$(inherited)",
				);
				GCC_SYMBOLS_PRIVATE_EXTERN = NO;
				GCC_WARN_64_TO_32_BIT_CONVERSION = YES;
				GCC_WARN_ABOUT_RETURN_TYPE = YES_ERROR;
				GCC_WARN_UNDECLARED_SELECTOR = YES;
				GCC_WARN_UNINITIALIZED_AUTOS = YES_AGGRESSIVE;
				GCC_WARN_UNUSED_FUNCTION = YES;
				GCC_WARN_UNUSED_VARIABLE = YES;
				IPHONEOS_DEPLOYMENT_TARGET = 8.0;
				MTL_ENABLE_DEBUG_INFO = YES;
				ONLY_ACTIVE_ARCH = YES;
				SDKROOT = iphoneos;
				TARGETED_DEVICE_FAMILY = "1,2";
			};
			name = Debug;
		};
		187BF6081A0A243D002A771B /* Release */ = {
			isa = XCBuildConfiguration;
			buildSettings = {
				ALWAYS_SEARCH_USER_PATHS = NO;
				CLANG_CXX_LANGUAGE_STANDARD = "gnu++0x";
				CLANG_CXX_LIBRARY = "libc++";
				CLANG_ENABLE_MODULES = YES;
				CLANG_ENABLE_OBJC_ARC = YES;
				CLANG_WARN_BOOL_CONVERSION = YES;
				CLANG_WARN_CONSTANT_CONVERSION = YES;
				CLANG_WARN_DIRECT_OBJC_ISA_USAGE = YES_ERROR;
				CLANG_WARN_EMPTY_BODY = YES;
				CLANG_WARN_ENUM_CONVERSION = YES;
				CLANG_WARN_INT_CONVERSION = YES;
				CLANG_WARN_OBJC_ROOT_CLASS = YES_ERROR;
				CLANG_WARN_UNREACHABLE_CODE = YES;
				CLANG_WARN__DUPLICATE_METHOD_MATCH = YES;
				"CODE_SIGN_IDENTITY[sdk=iphoneos*]" = "iPhone Developer";
				COPY_PHASE_STRIP = YES;
				ENABLE_NS_ASSERTIONS = NO;
				ENABLE_STRICT_OBJC_MSGSEND = YES;
				GCC_C_LANGUAGE_STANDARD = gnu99;
				GCC_WARN_64_TO_32_BIT_CONVERSION = YES;
				GCC_WARN_ABOUT_RETURN_TYPE = YES_ERROR;
				GCC_WARN_UNDECLARED_SELECTOR = YES;
				GCC_WARN_UNINITIALIZED_AUTOS = YES_AGGRESSIVE;
				GCC_WARN_UNUSED_FUNCTION = YES;
				GCC_WARN_UNUSED_VARIABLE = YES;
				IPHONEOS_DEPLOYMENT_TARGET = 8.0;
				MTL_ENABLE_DEBUG_INFO = NO;
				SDKROOT = iphoneos;
				TARGETED_DEVICE_FAMILY = "1,2";
				VALIDATE_PRODUCT = YES;
			};
			name = Release;
		};
		187BF60A1A0A243D002A771B /* Debug */ = {
			isa = XCBuildConfiguration;
			buildSettings = {
				ASSETCATALOG_COMPILER_APPICON_NAME = AppIcon;
				INFOPLIST_FILE = SKScrollView/Info.plist;
				LD_RUNPATH_SEARCH_PATHS = "$(inherited) @executable_path/Frameworks";
				PRODUCT_NAME = "$(TARGET_NAME)";
			};
			name = Debug;
		};
		187BF60B1A0A243D002A771B /* Release */ = {
			isa = XCBuildConfiguration;
			buildSettings = {
				ASSETCATALOG_COMPILER_APPICON_NAME = AppIcon;
				INFOPLIST_FILE = SKScrollView/Info.plist;
				LD_RUNPATH_SEARCH_PATHS = "$(inherited) @executable_path/Frameworks";
				PRODUCT_NAME = "$(TARGET_NAME)";
			};
			name = Release;
		};
		187BF60D1A0A243D002A771B /* Debug */ = {
			isa = XCBuildConfiguration;
			buildSettings = {
				BUNDLE_LOADER = "$(TEST_HOST)";
				FRAMEWORK_SEARCH_PATHS = (
					"$(SDKROOT)/Developer/Library/Frameworks",
					"$(inherited)",
				);
				GCC_PREPROCESSOR_DEFINITIONS = (
					"DEBUG=1",
					"$(inherited)",
				);
				INFOPLIST_FILE = SKScrollViewTests/Info.plist;
				LD_RUNPATH_SEARCH_PATHS = "$(inherited) @executable_path/Frameworks @loader_path/Frameworks";
				PRODUCT_NAME = "$(TARGET_NAME)";
				TEST_HOST = "$(BUILT_PRODUCTS_DIR)/SKScrollView.app/SKScrollView";
			};
			name = Debug;
		};
		187BF60E1A0A243D002A771B /* Release */ = {
			isa = XCBuildConfiguration;
			buildSettings = {
				BUNDLE_LOADER = "$(TEST_HOST)";
				FRAMEWORK_SEARCH_PATHS = (
					"$(SDKROOT)/Developer/Library/Frameworks",
					"$(inherited)",
				);
				INFOPLIST_FILE = SKScrollViewTests/Info.plist;
				LD_RUNPATH_SEARCH_PATHS = "$(inherited) @executable_path/Frameworks @loader_path/Frameworks";
				PRODUCT_NAME = "$(TARGET_NAME)";
				TEST_HOST = "$(BUILT_PRODUCTS_DIR)/SKScrollView.app/SKScrollView";
			};
			name = Release;
		};
/* End XCBuildConfiguration section */

/* Begin XCConfigurationList section */
		187BF5E11A0A243C002A771B /* Build configuration list for PBXProject "SKScrollView" */ = {
			isa = XCConfigurationList;
			buildConfigurations = (
				187BF6071A0A243D002A771B /* Debug */,
				187BF6081A0A243D002A771B /* Release */,
			);
			defaultConfigurationIsVisible = 0;
			defaultConfigurationName = Release;
		};
		187BF6091A0A243D002A771B /* Build configuration list for PBXNativeTarget "SKScrollView" */ = {
			isa = XCConfigurationList;
			buildConfigurations = (
				187BF60A1A0A243D002A771B /* Debug */,
				187BF60B1A0A243D002A771B /* Release */,
			);
			defaultConfigurationIsVisible = 0;
		};
		187BF60C1A0A243D002A771B /* Build configuration list for PBXNativeTarget "SKScrollViewTests" */ = {
			isa = XCConfigurationList;
			buildConfigurations = (
				187BF60D1A0A243D002A771B /* Debug */,
				187BF60E1A0A243D002A771B /* Release */,
			);
			defaultConfigurationIsVisible = 0;
		};
/* End XCConfigurationList section */
	};
	rootObject = 187BF5DE1A0A243C002A771B /* Project object */;
}
